// !$*UTF8*$!
{
	archiveVersion = 1;
	classes = {
	};
	objectVersion = 56;
	objects = {

/* Begin PBXBuildFile section */
		E70FCEAF2BC7DE600014950B /* AppDelegate.swift in Sources */ = {isa = PBXBuildFile; fileRef = E70FCEAE2BC7DE600014950B /* AppDelegate.swift */; };
		E70FCEB12BC7DE600014950B /* SceneDelegate.swift in Sources */ = {isa = PBXBuildFile; fileRef = E70FCEB02BC7DE600014950B /* SceneDelegate.swift */; };
		E70FCEB62BC7DE600014950B /* Main.storyboard in Resources */ = {isa = PBXBuildFile; fileRef = E70FCEB42BC7DE600014950B /* Main.storyboard */; };
		E70FCEB92BC7DE600014950B /* FitnessAppMidtermProject.xcdatamodeld in Sources */ = {isa = PBXBuildFile; fileRef = E70FCEB72BC7DE600014950B /* FitnessAppMidtermProject.xcdatamodeld */; };
		E70FCEBB2BC7DE610014950B /* Assets.xcassets in Resources */ = {isa = PBXBuildFile; fileRef = E70FCEBA2BC7DE610014950B /* Assets.xcassets */; };
		E70FCEBE2BC7DE610014950B /* LaunchScreen.storyboard in Resources */ = {isa = PBXBuildFile; fileRef = E70FCEBC2BC7DE610014950B /* LaunchScreen.storyboard */; };
		E70FCEC92BC7E00B0014950B /* TabBarViewController.swift in Sources */ = {isa = PBXBuildFile; fileRef = E70FCEC82BC7E00B0014950B /* TabBarViewController.swift */; };
		E70FCECB2BC7E1A40014950B /* HomeViewController.swift in Sources */ = {isa = PBXBuildFile; fileRef = E70FCECA2BC7E1A40014950B /* HomeViewController.swift */; };
		E70FCED12BC7E8810014950B /* HomeViewSections.swift in Sources */ = {isa = PBXBuildFile; fileRef = E70FCED02BC7E8810014950B /* HomeViewSections.swift */; };
		E70FCED42BC7EA2F0014950B /* CategoriesViewCell.swift in Sources */ = {isa = PBXBuildFile; fileRef = E70FCED32BC7EA2F0014950B /* CategoriesViewCell.swift */; };
		E70FCED72BC7EA3F0014950B /* Cell+Ext.swift in Sources */ = {isa = PBXBuildFile; fileRef = E70FCED62BC7EA3F0014950B /* Cell+Ext.swift */; };
		E70FCED92BC7EA620014950B /* NewPartnersViewCell.swift in Sources */ = {isa = PBXBuildFile; fileRef = E70FCED82BC7EA620014950B /* NewPartnersViewCell.swift */; };
		E70FCEDB2BC7EA6D0014950B /* GymItemCell.swift in Sources */ = {isa = PBXBuildFile; fileRef = E70FCEDA2BC7EA6D0014950B /* GymItemCell.swift */; };
		E70FCEDD2BC7EC310014950B /* CategoryItemCell.swift in Sources */ = {isa = PBXBuildFile; fileRef = E70FCEDC2BC7EC310014950B /* CategoryItemCell.swift */; };
		E70FCEE02BC7F2FB0014950B /* ProfileViewController.swift in Sources */ = {isa = PBXBuildFile; fileRef = E70FCEDF2BC7F2FB0014950B /* ProfileViewController.swift */; };
		E70FCEE42BC7F4000014950B /* SettingsItemCell.swift in Sources */ = {isa = PBXBuildFile; fileRef = E70FCEE32BC7F4000014950B /* SettingsItemCell.swift */; };
		E70FCEE62BC7F45E0014950B /* SettingsViewModel.swift in Sources */ = {isa = PBXBuildFile; fileRef = E70FCEE52BC7F45E0014950B /* SettingsViewModel.swift */; };
		E70FCEE82BC7F9080014950B /* SettingsInfoViewController.swift in Sources */ = {isa = PBXBuildFile; fileRef = E70FCEE72BC7F9080014950B /* SettingsInfoViewController.swift */; };
		E70FCEEB2BC7F9500014950B /* SettingsInfoView.swift in Sources */ = {isa = PBXBuildFile; fileRef = E70FCEEA2BC7F9500014950B /* SettingsInfoView.swift */; };
		E70FCEFB2BCBB8400014950B /* ViewController+Ext.swift in Sources */ = {isa = PBXBuildFile; fileRef = E70FCEFA2BCBB8400014950B /* ViewController+Ext.swift */; };
		E70FCEFE2BCBBB480014950B /* GymStarRateView.swift in Sources */ = {isa = PBXBuildFile; fileRef = E70FCEFD2BCBBB480014950B /* GymStarRateView.swift */; };
		E70FCF002BCBC4FC0014950B /* GymItemView.swift in Sources */ = {isa = PBXBuildFile; fileRef = E70FCEFF2BCBC4FC0014950B /* GymItemView.swift */; };
		E70FCF022BCBC6240014950B /* GymItemCollectionViewCell.swift in Sources */ = {isa = PBXBuildFile; fileRef = E70FCF012BCBC6240014950B /* GymItemCollectionViewCell.swift */; };
		E70FCF042BCBC9090014950B /* HomeSectionHeaderView.swift in Sources */ = {isa = PBXBuildFile; fileRef = E70FCF032BCBC9090014950B /* HomeSectionHeaderView.swift */; };
		E70FCF072BCBCEB00014950B /* GymDetailViewController.swift in Sources */ = {isa = PBXBuildFile; fileRef = E70FCF062BCBCEB00014950B /* GymDetailViewController.swift */; };
		E7B34BB12BD8138900EBEC36 /* AppArrowBackButton.swift in Sources */ = {isa = PBXBuildFile; fileRef = E7B34BB02BD8138900EBEC36 /* AppArrowBackButton.swift */; };
		E7B35F192BCE7AE300EBE0D5 /* HeaderView.swift in Sources */ = {isa = PBXBuildFile; fileRef = E7B35F182BCE7AE300EBE0D5 /* HeaderView.swift */; };
		E7B35F1B2BCE860B00EBE0D5 /* GymDetailVC+Ext.swift in Sources */ = {isa = PBXBuildFile; fileRef = E7B35F1A2BCE860B00EBE0D5 /* GymDetailVC+Ext.swift */; };
		E7B35F1D2BCE870600EBE0D5 /* GymDetailViewSections.swift in Sources */ = {isa = PBXBuildFile; fileRef = E7B35F1C2BCE870600EBE0D5 /* GymDetailViewSections.swift */; };
		E7B35F1F2BCE884400EBE0D5 /* SectionHeaderView.swift in Sources */ = {isa = PBXBuildFile; fileRef = E7B35F1E2BCE884400EBE0D5 /* SectionHeaderView.swift */; };
		E7B35F262BCE88D700EBE0D5 /* GymInfoViewCell.swift in Sources */ = {isa = PBXBuildFile; fileRef = E7B35F252BCE88D700EBE0D5 /* GymInfoViewCell.swift */; };
		E7B35F282BCE8B1600EBE0D5 /* GymContactInfoViewCell.swift in Sources */ = {isa = PBXBuildFile; fileRef = E7B35F272BCE8B1600EBE0D5 /* GymContactInfoViewCell.swift */; };
		E7B35F2A2BCE8F3C00EBE0D5 /* HomeVC+Ext.swift in Sources */ = {isa = PBXBuildFile; fileRef = E7B35F292BCE8F3C00EBE0D5 /* HomeVC+Ext.swift */; };
		E7B35F2E2BCEB81D00EBE0D5 /* FavoritesViewController.swift in Sources */ = {isa = PBXBuildFile; fileRef = E7B35F2D2BCEB81D00EBE0D5 /* FavoritesViewController.swift */; };
		E7B35F302BCEB89400EBE0D5 /* FavoritesView.swift in Sources */ = {isa = PBXBuildFile; fileRef = E7B35F2F2BCEB89400EBE0D5 /* FavoritesView.swift */; };
		E7B35F352BCEC21500EBE0D5 /* GymModelResponse.swift in Sources */ = {isa = PBXBuildFile; fileRef = E7B35F342BCEC21500EBE0D5 /* GymModelResponse.swift */; };
		E7B35F382BCEC29E00EBE0D5 /* NetworkManager.swift in Sources */ = {isa = PBXBuildFile; fileRef = E7B35F372BCEC29E00EBE0D5 /* NetworkManager.swift */; };
		E7B35F3A2BCEC8C900EBE0D5 /* Color+Ext.swift in Sources */ = {isa = PBXBuildFile; fileRef = E7B35F392BCEC8C900EBE0D5 /* Color+Ext.swift */; };
		E7B35F3C2BCFA0AD00EBE0D5 /* services.json in Resources */ = {isa = PBXBuildFile; fileRef = E7B35F3B2BCFA0AD00EBE0D5 /* services.json */; };
		E7B35F3E2BCFA0C700EBE0D5 /* allGyms.json in Resources */ = {isa = PBXBuildFile; fileRef = E7B35F3D2BCFA0C700EBE0D5 /* allGyms.json */; };
		E7B35F402BCFA13E00EBE0D5 /* GymGeneralInfoViewCell.swift in Sources */ = {isa = PBXBuildFile; fileRef = E7B35F3F2BCFA13E00EBE0D5 /* GymGeneralInfoViewCell.swift */; };
		E7B35F432BCFA7E200EBE0D5 /* GymServicesResponse.swift in Sources */ = {isa = PBXBuildFile; fileRef = E7B35F422BCFA7E200EBE0D5 /* GymServicesResponse.swift */; };
		E7B35F452BCFAA0200EBE0D5 /* JSONLoader.swift in Sources */ = {isa = PBXBuildFile; fileRef = E7B35F442BCFAA0200EBE0D5 /* JSONLoader.swift */; };
		E7B35F472BCFB2C100EBE0D5 /* SocialAccountViewCell.swift in Sources */ = {isa = PBXBuildFile; fileRef = E7B35F462BCFB2C100EBE0D5 /* SocialAccountViewCell.swift */; };
		E7B35F492BCFB2F800EBE0D5 /* ImageCircleView.swift in Sources */ = {isa = PBXBuildFile; fileRef = E7B35F482BCFB2F800EBE0D5 /* ImageCircleView.swift */; };
		E7B35F4B2BCFB6B800EBE0D5 /* GymSocialAccountsViewCell.swift in Sources */ = {isa = PBXBuildFile; fileRef = E7B35F4A2BCFB6B800EBE0D5 /* GymSocialAccountsViewCell.swift */; };
		E7B35F4E2BD27F8700EBE0D5 /* SearchViewController.swift in Sources */ = {isa = PBXBuildFile; fileRef = E7B35F4D2BD27F8700EBE0D5 /* SearchViewController.swift */; };
		E7B35F502BD2815900EBE0D5 /* SearchResultsViewController.swift in Sources */ = {isa = PBXBuildFile; fileRef = E7B35F4F2BD2815900EBE0D5 /* SearchResultsViewController.swift */; };
		E7B35F542BD2847600EBE0D5 /* AllGymsResponse.swift in Sources */ = {isa = PBXBuildFile; fileRef = E7B35F532BD2847600EBE0D5 /* AllGymsResponse.swift */; };
		E7B35F562BD28C4C00EBE0D5 /* NoResultViewCell.swift in Sources */ = {isa = PBXBuildFile; fileRef = E7B35F552BD28C4C00EBE0D5 /* NoResultViewCell.swift */; };
		E7B35F582BD295CF00EBE0D5 /* ServiceGymsViewController.swift in Sources */ = {isa = PBXBuildFile; fileRef = E7B35F572BD295CF00EBE0D5 /* ServiceGymsViewController.swift */; };
		E7B35F5A2BD2B36400EBE0D5 /* ItemsViewController.swift in Sources */ = {isa = PBXBuildFile; fileRef = E7B35F592BD2B36400EBE0D5 /* ItemsViewController.swift */; };
/* End PBXBuildFile section */

/* Begin PBXFileReference section */
		E70FCEAB2BC7DE600014950B /* FitnessAppMidtermProject.app */ = {isa = PBXFileReference; explicitFileType = wrapper.application; includeInIndex = 0; path = FitnessAppMidtermProject.app; sourceTree = BUILT_PRODUCTS_DIR; };
		E70FCEAE2BC7DE600014950B /* AppDelegate.swift */ = {isa = PBXFileReference; lastKnownFileType = sourcecode.swift; path = AppDelegate.swift; sourceTree = "<group>"; };
		E70FCEB02BC7DE600014950B /* SceneDelegate.swift */ = {isa = PBXFileReference; lastKnownFileType = sourcecode.swift; path = SceneDelegate.swift; sourceTree = "<group>"; };
		E70FCEB52BC7DE600014950B /* Base */ = {isa = PBXFileReference; lastKnownFileType = file.storyboard; name = Base; path = Base.lproj/Main.storyboard; sourceTree = "<group>"; };
		E70FCEB82BC7DE600014950B /* FitnessAppMidtermProject.xcdatamodel */ = {isa = PBXFileReference; lastKnownFileType = wrapper.xcdatamodel; path = FitnessAppMidtermProject.xcdatamodel; sourceTree = "<group>"; };
		E70FCEBA2BC7DE610014950B /* Assets.xcassets */ = {isa = PBXFileReference; lastKnownFileType = folder.assetcatalog; path = Assets.xcassets; sourceTree = "<group>"; };
		E70FCEBD2BC7DE610014950B /* Base */ = {isa = PBXFileReference; lastKnownFileType = file.storyboard; name = Base; path = Base.lproj/LaunchScreen.storyboard; sourceTree = "<group>"; };
		E70FCEBF2BC7DE610014950B /* Info.plist */ = {isa = PBXFileReference; lastKnownFileType = text.plist.xml; path = Info.plist; sourceTree = "<group>"; };
		E70FCEC82BC7E00B0014950B /* TabBarViewController.swift */ = {isa = PBXFileReference; lastKnownFileType = sourcecode.swift; path = TabBarViewController.swift; sourceTree = "<group>"; };
		E70FCECA2BC7E1A40014950B /* HomeViewController.swift */ = {isa = PBXFileReference; lastKnownFileType = sourcecode.swift; path = HomeViewController.swift; sourceTree = "<group>"; };
		E70FCED02BC7E8810014950B /* HomeViewSections.swift */ = {isa = PBXFileReference; lastKnownFileType = sourcecode.swift; path = HomeViewSections.swift; sourceTree = "<group>"; };
		E70FCED32BC7EA2F0014950B /* CategoriesViewCell.swift */ = {isa = PBXFileReference; lastKnownFileType = sourcecode.swift; path = CategoriesViewCell.swift; sourceTree = "<group>"; };
		E70FCED62BC7EA3F0014950B /* Cell+Ext.swift */ = {isa = PBXFileReference; lastKnownFileType = sourcecode.swift; path = "Cell+Ext.swift"; sourceTree = "<group>"; };
		E70FCED82BC7EA620014950B /* NewPartnersViewCell.swift */ = {isa = PBXFileReference; lastKnownFileType = sourcecode.swift; path = NewPartnersViewCell.swift; sourceTree = "<group>"; };
		E70FCEDA2BC7EA6D0014950B /* GymItemCell.swift */ = {isa = PBXFileReference; lastKnownFileType = sourcecode.swift; path = GymItemCell.swift; sourceTree = "<group>"; };
		E70FCEDC2BC7EC310014950B /* CategoryItemCell.swift */ = {isa = PBXFileReference; lastKnownFileType = sourcecode.swift; path = CategoryItemCell.swift; sourceTree = "<group>"; };
		E70FCEDF2BC7F2FB0014950B /* ProfileViewController.swift */ = {isa = PBXFileReference; lastKnownFileType = sourcecode.swift; path = ProfileViewController.swift; sourceTree = "<group>"; };
		E70FCEE32BC7F4000014950B /* SettingsItemCell.swift */ = {isa = PBXFileReference; lastKnownFileType = sourcecode.swift; path = SettingsItemCell.swift; sourceTree = "<group>"; };
		E70FCEE52BC7F45E0014950B /* SettingsViewModel.swift */ = {isa = PBXFileReference; lastKnownFileType = sourcecode.swift; path = SettingsViewModel.swift; sourceTree = "<group>"; };
		E70FCEE72BC7F9080014950B /* SettingsInfoViewController.swift */ = {isa = PBXFileReference; lastKnownFileType = sourcecode.swift; path = SettingsInfoViewController.swift; sourceTree = "<group>"; };
		E70FCEEA2BC7F9500014950B /* SettingsInfoView.swift */ = {isa = PBXFileReference; lastKnownFileType = sourcecode.swift; path = SettingsInfoView.swift; sourceTree = "<group>"; };
		E70FCEFA2BCBB8400014950B /* ViewController+Ext.swift */ = {isa = PBXFileReference; lastKnownFileType = sourcecode.swift; path = "ViewController+Ext.swift"; sourceTree = "<group>"; };
		E70FCEFD2BCBBB480014950B /* GymStarRateView.swift */ = {isa = PBXFileReference; lastKnownFileType = sourcecode.swift; path = GymStarRateView.swift; sourceTree = "<group>"; };
		E70FCEFF2BCBC4FC0014950B /* GymItemView.swift */ = {isa = PBXFileReference; lastKnownFileType = sourcecode.swift; path = GymItemView.swift; sourceTree = "<group>"; };
		E70FCF012BCBC6240014950B /* GymItemCollectionViewCell.swift */ = {isa = PBXFileReference; lastKnownFileType = sourcecode.swift; path = GymItemCollectionViewCell.swift; sourceTree = "<group>"; };
		E70FCF032BCBC9090014950B /* HomeSectionHeaderView.swift */ = {isa = PBXFileReference; lastKnownFileType = sourcecode.swift; path = HomeSectionHeaderView.swift; sourceTree = "<group>"; };
		E70FCF062BCBCEB00014950B /* GymDetailViewController.swift */ = {isa = PBXFileReference; lastKnownFileType = sourcecode.swift; path = GymDetailViewController.swift; sourceTree = "<group>"; };
		E7B34BB02BD8138900EBEC36 /* AppArrowBackButton.swift */ = {isa = PBXFileReference; lastKnownFileType = sourcecode.swift; path = AppArrowBackButton.swift; sourceTree = "<group>"; };
		E7B35F182BCE7AE300EBE0D5 /* HeaderView.swift */ = {isa = PBXFileReference; lastKnownFileType = sourcecode.swift; path = HeaderView.swift; sourceTree = "<group>"; };
		E7B35F1A2BCE860B00EBE0D5 /* GymDetailVC+Ext.swift */ = {isa = PBXFileReference; lastKnownFileType = sourcecode.swift; path = "GymDetailVC+Ext.swift"; sourceTree = "<group>"; };
		E7B35F1C2BCE870600EBE0D5 /* GymDetailViewSections.swift */ = {isa = PBXFileReference; lastKnownFileType = sourcecode.swift; path = GymDetailViewSections.swift; sourceTree = "<group>"; };
		E7B35F1E2BCE884400EBE0D5 /* SectionHeaderView.swift */ = {isa = PBXFileReference; lastKnownFileType = sourcecode.swift; path = SectionHeaderView.swift; sourceTree = "<group>"; };
		E7B35F252BCE88D700EBE0D5 /* GymInfoViewCell.swift */ = {isa = PBXFileReference; lastKnownFileType = sourcecode.swift; path = GymInfoViewCell.swift; sourceTree = "<group>"; };
		E7B35F272BCE8B1600EBE0D5 /* GymContactInfoViewCell.swift */ = {isa = PBXFileReference; lastKnownFileType = sourcecode.swift; path = GymContactInfoViewCell.swift; sourceTree = "<group>"; };
		E7B35F292BCE8F3C00EBE0D5 /* HomeVC+Ext.swift */ = {isa = PBXFileReference; lastKnownFileType = sourcecode.swift; path = "HomeVC+Ext.swift"; sourceTree = "<group>"; };
		E7B35F2D2BCEB81D00EBE0D5 /* FavoritesViewController.swift */ = {isa = PBXFileReference; lastKnownFileType = sourcecode.swift; path = FavoritesViewController.swift; sourceTree = "<group>"; };
		E7B35F2F2BCEB89400EBE0D5 /* FavoritesView.swift */ = {isa = PBXFileReference; lastKnownFileType = sourcecode.swift; path = FavoritesView.swift; sourceTree = "<group>"; };
		E7B35F342BCEC21500EBE0D5 /* GymModelResponse.swift */ = {isa = PBXFileReference; lastKnownFileType = sourcecode.swift; path = GymModelResponse.swift; sourceTree = "<group>"; };
		E7B35F372BCEC29E00EBE0D5 /* NetworkManager.swift */ = {isa = PBXFileReference; lastKnownFileType = sourcecode.swift; path = NetworkManager.swift; sourceTree = "<group>"; };
		E7B35F392BCEC8C900EBE0D5 /* Color+Ext.swift */ = {isa = PBXFileReference; lastKnownFileType = sourcecode.swift; path = "Color+Ext.swift"; sourceTree = "<group>"; };
		E7B35F3B2BCFA0AD00EBE0D5 /* services.json */ = {isa = PBXFileReference; lastKnownFileType = text.json; path = services.json; sourceTree = "<group>"; };
		E7B35F3D2BCFA0C700EBE0D5 /* allGyms.json */ = {isa = PBXFileReference; lastKnownFileType = text.json; path = allGyms.json; sourceTree = "<group>"; };
		E7B35F3F2BCFA13E00EBE0D5 /* GymGeneralInfoViewCell.swift */ = {isa = PBXFileReference; lastKnownFileType = sourcecode.swift; path = GymGeneralInfoViewCell.swift; sourceTree = "<group>"; };
		E7B35F422BCFA7E200EBE0D5 /* GymServicesResponse.swift */ = {isa = PBXFileReference; lastKnownFileType = sourcecode.swift; path = GymServicesResponse.swift; sourceTree = "<group>"; };
		E7B35F442BCFAA0200EBE0D5 /* JSONLoader.swift */ = {isa = PBXFileReference; lastKnownFileType = sourcecode.swift; path = JSONLoader.swift; sourceTree = "<group>"; };
		E7B35F462BCFB2C100EBE0D5 /* SocialAccountViewCell.swift */ = {isa = PBXFileReference; lastKnownFileType = sourcecode.swift; path = SocialAccountViewCell.swift; sourceTree = "<group>"; };
		E7B35F482BCFB2F800EBE0D5 /* ImageCircleView.swift */ = {isa = PBXFileReference; lastKnownFileType = sourcecode.swift; path = ImageCircleView.swift; sourceTree = "<group>"; };
		E7B35F4A2BCFB6B800EBE0D5 /* GymSocialAccountsViewCell.swift */ = {isa = PBXFileReference; lastKnownFileType = sourcecode.swift; path = GymSocialAccountsViewCell.swift; sourceTree = "<group>"; };
		E7B35F4D2BD27F8700EBE0D5 /* SearchViewController.swift */ = {isa = PBXFileReference; lastKnownFileType = sourcecode.swift; path = SearchViewController.swift; sourceTree = "<group>"; };
		E7B35F4F2BD2815900EBE0D5 /* SearchResultsViewController.swift */ = {isa = PBXFileReference; lastKnownFileType = sourcecode.swift; path = SearchResultsViewController.swift; sourceTree = "<group>"; };
		E7B35F532BD2847600EBE0D5 /* AllGymsResponse.swift */ = {isa = PBXFileReference; lastKnownFileType = sourcecode.swift; path = AllGymsResponse.swift; sourceTree = "<group>"; };
		E7B35F552BD28C4C00EBE0D5 /* NoResultViewCell.swift */ = {isa = PBXFileReference; lastKnownFileType = sourcecode.swift; path = NoResultViewCell.swift; sourceTree = "<group>"; };
		E7B35F572BD295CF00EBE0D5 /* ServiceGymsViewController.swift */ = {isa = PBXFileReference; lastKnownFileType = sourcecode.swift; path = ServiceGymsViewController.swift; sourceTree = "<group>"; };
		E7B35F592BD2B36400EBE0D5 /* ItemsViewController.swift */ = {isa = PBXFileReference; lastKnownFileType = sourcecode.swift; path = ItemsViewController.swift; sourceTree = "<group>"; };
/* End PBXFileReference section */

/* Begin PBXFrameworksBuildPhase section */
		E70FCEA82BC7DE600014950B /* Frameworks */ = {
			isa = PBXFrameworksBuildPhase;
			buildActionMask = 2147483647;
			files = (
			);
			runOnlyForDeploymentPostprocessing = 0;
		};
/* End PBXFrameworksBuildPhase section */

/* Begin PBXGroup section */
		E70FCEA22BC7DE600014950B = {
			isa = PBXGroup;
			children = (
				E70FCEAD2BC7DE600014950B /* FitnessAppMidtermProject */,
				E70FCEAC2BC7DE600014950B /* Products */,
			);
			sourceTree = "<group>";
		};
		E70FCEAC2BC7DE600014950B /* Products */ = {
			isa = PBXGroup;
			children = (
				E70FCEAB2BC7DE600014950B /* FitnessAppMidtermProject.app */,
			);
			name = Products;
			sourceTree = "<group>";
		};
		E70FCEAD2BC7DE600014950B /* FitnessAppMidtermProject */ = {
			isa = PBXGroup;
			children = (
				E7B35F362BCEC28C00EBE0D5 /* Managers */,
				E7B35F312BCEBBF900EBE0D5 /* Data */,
				E70FCED52BC7EA340014950B /* Extensions */,
				E70FCEC72BC7DFFB0014950B /* Models */,
				E70FCEC62BC7DFF50014950B /* Views */,
				E70FCEC52BC7DFEF0014950B /* Controllers */,
				E70FCEAE2BC7DE600014950B /* AppDelegate.swift */,
				E70FCEB02BC7DE600014950B /* SceneDelegate.swift */,
				E70FCEB42BC7DE600014950B /* Main.storyboard */,
				E70FCEBA2BC7DE610014950B /* Assets.xcassets */,
				E70FCEBC2BC7DE610014950B /* LaunchScreen.storyboard */,
				E70FCEBF2BC7DE610014950B /* Info.plist */,
				E70FCEB72BC7DE600014950B /* FitnessAppMidtermProject.xcdatamodeld */,
			);
			path = FitnessAppMidtermProject;
			sourceTree = "<group>";
		};
		E70FCEC52BC7DFEF0014950B /* Controllers */ = {
			isa = PBXGroup;
			children = (
				E7B35F4C2BD27F7A00EBE0D5 /* Search */,
				E7B35F2C2BCEB80B00EBE0D5 /* Favorites */,
				E70FCF052BCBCE9F0014950B /* GymDetail */,
				E70FCEDE2BC7F2EF0014950B /* Profile */,
				E70FCECF2BC7E6CF0014950B /* TabBar */,
				E70FCECC2BC7E6BD0014950B /* Home */,
				E70FCEE92BC7F9420014950B /* SettingsInfo */,
				E7B35F8E2BD54E1500EBE0D5 /* ServiceGyms */,
				E7B35F8D2BD54E0800EBE0D5 /* Base */,
			);
			path = Controllers;
			sourceTree = "<group>";
		};
		E70FCEC62BC7DFF50014950B /* Views */ = {
			isa = PBXGroup;
			children = (
				E7B34BAF2BD8137E00EBEC36 /* Button */,
				E70FCEFC2BCBBB3E0014950B /* Custom */,
				E70FCED22BC7EA1E0014950B /* Cells */,
			);
			path = Views;
			sourceTree = "<group>";
		};
		E70FCEC72BC7DFFB0014950B /* Models */ = {
			isa = PBXGroup;
			children = (
				E70FCED02BC7E8810014950B /* HomeViewSections.swift */,
				E70FCEE52BC7F45E0014950B /* SettingsViewModel.swift */,
				E7B35F1C2BCE870600EBE0D5 /* GymDetailViewSections.swift */,
				E7B35F342BCEC21500EBE0D5 /* GymModelResponse.swift */,
				E7B35F412BCFA7D300EBE0D5 /* Responses */,
				E7B35F532BD2847600EBE0D5 /* AllGymsResponse.swift */,
			);
			path = Models;
			sourceTree = "<group>";
		};
		E70FCECC2BC7E6BD0014950B /* Home */ = {
			isa = PBXGroup;
			children = (
				E70FCECA2BC7E1A40014950B /* HomeViewController.swift */,
				E7B35F292BCE8F3C00EBE0D5 /* HomeVC+Ext.swift */,
			);
			path = Home;
			sourceTree = "<group>";
		};
		E70FCECF2BC7E6CF0014950B /* TabBar */ = {
			isa = PBXGroup;
			children = (
				E70FCEC82BC7E00B0014950B /* TabBarViewController.swift */,
			);
			path = TabBar;
			sourceTree = "<group>";
		};
		E70FCED22BC7EA1E0014950B /* Cells */ = {
			isa = PBXGroup;
			children = (
				E7B35F242BCE88CA00EBE0D5 /* GymDetail */,
				E7B35F212BCE88AE00EBE0D5 /* Categories */,
				E7B35F202BCE889100EBE0D5 /* Home */,
				E7B35F232BCE88C200EBE0D5 /* Settings */,
				E7B35F552BD28C4C00EBE0D5 /* NoResultViewCell.swift */,
			);
			path = Cells;
			sourceTree = "<group>";
		};
		E70FCED52BC7EA340014950B /* Extensions */ = {
			isa = PBXGroup;
			children = (
				E70FCED62BC7EA3F0014950B /* Cell+Ext.swift */,
				E70FCEFA2BCBB8400014950B /* ViewController+Ext.swift */,
				E7B35F392BCEC8C900EBE0D5 /* Color+Ext.swift */,
			);
			path = Extensions;
			sourceTree = "<group>";
		};
		E70FCEDE2BC7F2EF0014950B /* Profile */ = {
			isa = PBXGroup;
			children = (
				E70FCEDF2BC7F2FB0014950B /* ProfileViewController.swift */,
			);
			path = Profile;
			sourceTree = "<group>";
		};
		E70FCEE92BC7F9420014950B /* SettingsInfo */ = {
			isa = PBXGroup;
			children = (
				E70FCEE72BC7F9080014950B /* SettingsInfoViewController.swift */,
				E70FCEEA2BC7F9500014950B /* SettingsInfoView.swift */,
			);
			path = SettingsInfo;
			sourceTree = "<group>";
		};
		E70FCEFC2BCBBB3E0014950B /* Custom */ = {
			isa = PBXGroup;
			children = (
				E70FCEFD2BCBBB480014950B /* GymStarRateView.swift */,
				E70FCEFF2BCBC4FC0014950B /* GymItemView.swift */,
				E70FCF032BCBC9090014950B /* HomeSectionHeaderView.swift */,
				E7B35F482BCFB2F800EBE0D5 /* ImageCircleView.swift */,
			);
			path = Custom;
			sourceTree = "<group>";
		};
		E70FCF052BCBCE9F0014950B /* GymDetail */ = {
			isa = PBXGroup;
			children = (
				E70FCF062BCBCEB00014950B /* GymDetailViewController.swift */,
				E7B35F1A2BCE860B00EBE0D5 /* GymDetailVC+Ext.swift */,
				E7B35F182BCE7AE300EBE0D5 /* HeaderView.swift */,
				E7B35F1E2BCE884400EBE0D5 /* SectionHeaderView.swift */,
			);
			path = GymDetail;
			sourceTree = "<group>";
		};
		E7B34BAF2BD8137E00EBEC36 /* Button */ = {
			isa = PBXGroup;
			children = (
				E7B34BB02BD8138900EBEC36 /* AppArrowBackButton.swift */,
			);
			path = Button;
			sourceTree = "<group>";
		};
		E7B35F202BCE889100EBE0D5 /* Home */ = {
			isa = PBXGroup;
			children = (
				E70FCEDA2BC7EA6D0014950B /* GymItemCell.swift */,
				E70FCF012BCBC6240014950B /* GymItemCollectionViewCell.swift */,
				E70FCED82BC7EA620014950B /* NewPartnersViewCell.swift */,
			);
			path = Home;
			sourceTree = "<group>";
		};
		E7B35F212BCE88AE00EBE0D5 /* Categories */ = {
			isa = PBXGroup;
			children = (
				E70FCEDC2BC7EC310014950B /* CategoryItemCell.swift */,
				E70FCED32BC7EA2F0014950B /* CategoriesViewCell.swift */,
				E7B35F4A2BCFB6B800EBE0D5 /* GymSocialAccountsViewCell.swift */,
				E7B35F462BCFB2C100EBE0D5 /* SocialAccountViewCell.swift */,
			);
			path = Categories;
			sourceTree = "<group>";
		};
		E7B35F232BCE88C200EBE0D5 /* Settings */ = {
			isa = PBXGroup;
			children = (
				E70FCEE32BC7F4000014950B /* SettingsItemCell.swift */,
			);
			path = Settings;
			sourceTree = "<group>";
		};
		E7B35F242BCE88CA00EBE0D5 /* GymDetail */ = {
			isa = PBXGroup;
			children = (
				E7B35F252BCE88D700EBE0D5 /* GymInfoViewCell.swift */,
				E7B35F3F2BCFA13E00EBE0D5 /* GymGeneralInfoViewCell.swift */,
				E7B35F272BCE8B1600EBE0D5 /* GymContactInfoViewCell.swift */,
			);
			path = GymDetail;
			sourceTree = "<group>";
		};
		E7B35F2C2BCEB80B00EBE0D5 /* Favorites */ = {
			isa = PBXGroup;
			children = (
				E7B35F2D2BCEB81D00EBE0D5 /* FavoritesViewController.swift */,
				E7B35F2F2BCEB89400EBE0D5 /* FavoritesView.swift */,
			);
			path = Favorites;
			sourceTree = "<group>";
		};
		E7B35F312BCEBBF900EBE0D5 /* Data */ = {
			isa = PBXGroup;
			children = (
				E7B35F3B2BCFA0AD00EBE0D5 /* services.json */,
				E7B35F3D2BCFA0C700EBE0D5 /* allGyms.json */,
			);
			path = Data;
			sourceTree = "<group>";
		};
		E7B35F362BCEC28C00EBE0D5 /* Managers */ = {
			isa = PBXGroup;
			children = (
				E7B35F372BCEC29E00EBE0D5 /* NetworkManager.swift */,
				E7B35F442BCFAA0200EBE0D5 /* JSONLoader.swift */,
			);
			path = Managers;
			sourceTree = "<group>";
		};
		E7B35F412BCFA7D300EBE0D5 /* Responses */ = {
			isa = PBXGroup;
			children = (
				E7B35F422BCFA7E200EBE0D5 /* GymServicesResponse.swift */,
			);
			path = Responses;
			sourceTree = "<group>";
		};
		E7B35F4C2BD27F7A00EBE0D5 /* Search */ = {
			isa = PBXGroup;
			children = (
				E7B35F4D2BD27F8700EBE0D5 /* SearchViewController.swift */,
				E7B35F4F2BD2815900EBE0D5 /* SearchResultsViewController.swift */,
			);
			path = Search;
			sourceTree = "<group>";
		};
		E7B35F8D2BD54E0800EBE0D5 /* Base */ = {
			isa = PBXGroup;
			children = (
				E7B35F592BD2B36400EBE0D5 /* ItemsViewController.swift */,
			);
			path = Base;
			sourceTree = "<group>";
		};
		E7B35F8E2BD54E1500EBE0D5 /* ServiceGyms */ = {
			isa = PBXGroup;
			children = (
				E7B35F572BD295CF00EBE0D5 /* ServiceGymsViewController.swift */,
			);
			path = ServiceGyms;
			sourceTree = "<group>";
		};
/* End PBXGroup section */

/* Begin PBXNativeTarget section */
		E70FCEAA2BC7DE600014950B /* FitnessAppMidtermProject */ = {
			isa = PBXNativeTarget;
			buildConfigurationList = E70FCEC22BC7DE610014950B /* Build configuration list for PBXNativeTarget "FitnessAppMidtermProject" */;
			buildPhases = (
				E70FCEA72BC7DE600014950B /* Sources */,
				E70FCEA82BC7DE600014950B /* Frameworks */,
				E70FCEA92BC7DE600014950B /* Resources */,
			);
			buildRules = (
			);
			dependencies = (
			);
			name = FitnessAppMidtermProject;
			productName = FitnessAppMidtermProject;
			productReference = E70FCEAB2BC7DE600014950B /* FitnessAppMidtermProject.app */;
			productType = "com.apple.product-type.application";
		};
/* End PBXNativeTarget section */

/* Begin PBXProject section */
		E70FCEA32BC7DE600014950B /* Project object */ = {
			isa = PBXProject;
			attributes = {
				BuildIndependentTargetsInParallel = 1;
				LastSwiftUpdateCheck = 1520;
				LastUpgradeCheck = 1520;
				TargetAttributes = {
					E70FCEAA2BC7DE600014950B = {
						CreatedOnToolsVersion = 15.2;
					};
				};
			};
			buildConfigurationList = E70FCEA62BC7DE600014950B /* Build configuration list for PBXProject "FitnessAppMidtermProject" */;
			compatibilityVersion = "Xcode 14.0";
			developmentRegion = en;
			hasScannedForEncodings = 0;
			knownRegions = (
				en,
				Base,
			);
			mainGroup = E70FCEA22BC7DE600014950B;
			productRefGroup = E70FCEAC2BC7DE600014950B /* Products */;
			projectDirPath = "";
			projectRoot = "";
			targets = (
				E70FCEAA2BC7DE600014950B /* FitnessAppMidtermProject */,
			);
		};
/* End PBXProject section */

/* Begin PBXResourcesBuildPhase section */
		E70FCEA92BC7DE600014950B /* Resources */ = {
			isa = PBXResourcesBuildPhase;
			buildActionMask = 2147483647;
			files = (
				E70FCEBE2BC7DE610014950B /* LaunchScreen.storyboard in Resources */,
				E7B35F3E2BCFA0C700EBE0D5 /* allGyms.json in Resources */,
				E7B35F3C2BCFA0AD00EBE0D5 /* services.json in Resources */,
				E70FCEBB2BC7DE610014950B /* Assets.xcassets in Resources */,
				E70FCEB62BC7DE600014950B /* Main.storyboard in Resources */,
			);
			runOnlyForDeploymentPostprocessing = 0;
		};
/* End PBXResourcesBuildPhase section */

/* Begin PBXSourcesBuildPhase section */
		E70FCEA72BC7DE600014950B /* Sources */ = {
			isa = PBXSourcesBuildPhase;
			buildActionMask = 2147483647;
			files = (
				E70FCEE42BC7F4000014950B /* SettingsItemCell.swift in Sources */,
				E70FCEE82BC7F9080014950B /* SettingsInfoViewController.swift in Sources */,
				E70FCEDD2BC7EC310014950B /* CategoryItemCell.swift in Sources */,
				E7B35F402BCFA13E00EBE0D5 /* GymGeneralInfoViewCell.swift in Sources */,
				E7B35F492BCFB2F800EBE0D5 /* ImageCircleView.swift in Sources */,
				E7B35F4B2BCFB6B800EBE0D5 /* GymSocialAccountsViewCell.swift in Sources */,
				E70FCED42BC7EA2F0014950B /* CategoriesViewCell.swift in Sources */,
				E7B35F262BCE88D700EBE0D5 /* GymInfoViewCell.swift in Sources */,
				E7B35F1B2BCE860B00EBE0D5 /* GymDetailVC+Ext.swift in Sources */,
				E7B35F352BCEC21500EBE0D5 /* GymModelResponse.swift in Sources */,
				E70FCEE02BC7F2FB0014950B /* ProfileViewController.swift in Sources */,
				E7B35F472BCFB2C100EBE0D5 /* SocialAccountViewCell.swift in Sources */,
				E7B35F382BCEC29E00EBE0D5 /* NetworkManager.swift in Sources */,
				E7B35F2A2BCE8F3C00EBE0D5 /* HomeVC+Ext.swift in Sources */,
				E70FCEAF2BC7DE600014950B /* AppDelegate.swift in Sources */,
				E70FCEB12BC7DE600014950B /* SceneDelegate.swift in Sources */,
				E70FCEE62BC7F45E0014950B /* SettingsViewModel.swift in Sources */,
				E70FCF042BCBC9090014950B /* HomeSectionHeaderView.swift in Sources */,
				E70FCF022BCBC6240014950B /* GymItemCollectionViewCell.swift in Sources */,
				E70FCF002BCBC4FC0014950B /* GymItemView.swift in Sources */,
				E7B35F452BCFAA0200EBE0D5 /* JSONLoader.swift in Sources */,
				E7B35F562BD28C4C00EBE0D5 /* NoResultViewCell.swift in Sources */,
				E7B35F1F2BCE884400EBE0D5 /* SectionHeaderView.swift in Sources */,
				E7B35F432BCFA7E200EBE0D5 /* GymServicesResponse.swift in Sources */,
				E70FCED92BC7EA620014950B /* NewPartnersViewCell.swift in Sources */,
				E70FCED72BC7EA3F0014950B /* Cell+Ext.swift in Sources */,
				E7B35F1D2BCE870600EBE0D5 /* GymDetailViewSections.swift in Sources */,
				E70FCF072BCBCEB00014950B /* GymDetailViewController.swift in Sources */,
				E70FCEC92BC7E00B0014950B /* TabBarViewController.swift in Sources */,
				E70FCEFB2BCBB8400014950B /* ViewController+Ext.swift in Sources */,
				E70FCEDB2BC7EA6D0014950B /* GymItemCell.swift in Sources */,
				E70FCED12BC7E8810014950B /* HomeViewSections.swift in Sources */,
				E7B35F502BD2815900EBE0D5 /* SearchResultsViewController.swift in Sources */,
				E7B35F4E2BD27F8700EBE0D5 /* SearchViewController.swift in Sources */,
				E70FCEEB2BC7F9500014950B /* SettingsInfoView.swift in Sources */,
				E70FCEB92BC7DE600014950B /* FitnessAppMidtermProject.xcdatamodeld in Sources */,
				E7B34BB12BD8138900EBEC36 /* AppArrowBackButton.swift in Sources */,
				E7B35F3A2BCEC8C900EBE0D5 /* Color+Ext.swift in Sources */,
				E7B35F2E2BCEB81D00EBE0D5 /* FavoritesViewController.swift in Sources */,
				E7B35F542BD2847600EBE0D5 /* AllGymsResponse.swift in Sources */,
				E7B35F582BD295CF00EBE0D5 /* ServiceGymsViewController.swift in Sources */,
				E7B35F282BCE8B1600EBE0D5 /* GymContactInfoViewCell.swift in Sources */,
				E7B35F5A2BD2B36400EBE0D5 /* ItemsViewController.swift in Sources */,
				E7B35F302BCEB89400EBE0D5 /* FavoritesView.swift in Sources */,
				E70FCEFE2BCBBB480014950B /* GymStarRateView.swift in Sources */,
				E70FCECB2BC7E1A40014950B /* HomeViewController.swift in Sources */,
				E7B35F192BCE7AE300EBE0D5 /* HeaderView.swift in Sources */,
			);
			runOnlyForDeploymentPostprocessing = 0;
		};
/* End PBXSourcesBuildPhase section */

/* Begin PBXVariantGroup section */
		E70FCEB42BC7DE600014950B /* Main.storyboard */ = {
			isa = PBXVariantGroup;
			children = (
				E70FCEB52BC7DE600014950B /* Base */,
			);
			name = Main.storyboard;
			sourceTree = "<group>";
		};
		E70FCEBC2BC7DE610014950B /* LaunchScreen.storyboard */ = {
			isa = PBXVariantGroup;
			children = (
				E70FCEBD2BC7DE610014950B /* Base */,
			);
			name = LaunchScreen.storyboard;
			sourceTree = "<group>";
		};
/* End PBXVariantGroup section */

/* Begin XCBuildConfiguration section */
		E70FCEC02BC7DE610014950B /* Debug */ = {
			isa = XCBuildConfiguration;
			buildSettings = {
				ALWAYS_SEARCH_USER_PATHS = NO;
				ASSETCATALOG_COMPILER_GENERATE_SWIFT_ASSET_SYMBOL_EXTENSIONS = YES;
				CLANG_ANALYZER_NONNULL = YES;
				CLANG_ANALYZER_NUMBER_OBJECT_CONVERSION = YES_AGGRESSIVE;
				CLANG_CXX_LANGUAGE_STANDARD = "gnu++20";
				CLANG_ENABLE_MODULES = YES;
				CLANG_ENABLE_OBJC_ARC = YES;
				CLANG_ENABLE_OBJC_WEAK = YES;
				CLANG_WARN_BLOCK_CAPTURE_AUTORELEASING = YES;
				CLANG_WARN_BOOL_CONVERSION = YES;
				CLANG_WARN_COMMA = YES;
				CLANG_WARN_CONSTANT_CONVERSION = YES;
				CLANG_WARN_DEPRECATED_OBJC_IMPLEMENTATIONS = YES;
				CLANG_WARN_DIRECT_OBJC_ISA_USAGE = YES_ERROR;
				CLANG_WARN_DOCUMENTATION_COMMENTS = YES;
				CLANG_WARN_EMPTY_BODY = YES;
				CLANG_WARN_ENUM_CONVERSION = YES;
				CLANG_WARN_INFINITE_RECURSION = YES;
				CLANG_WARN_INT_CONVERSION = YES;
				CLANG_WARN_NON_LITERAL_NULL_CONVERSION = YES;
				CLANG_WARN_OBJC_IMPLICIT_RETAIN_SELF = YES;
				CLANG_WARN_OBJC_LITERAL_CONVERSION = YES;
				CLANG_WARN_OBJC_ROOT_CLASS = YES_ERROR;
				CLANG_WARN_QUOTED_INCLUDE_IN_FRAMEWORK_HEADER = YES;
				CLANG_WARN_RANGE_LOOP_ANALYSIS = YES;
				CLANG_WARN_STRICT_PROTOTYPES = YES;
				CLANG_WARN_SUSPICIOUS_MOVE = YES;
				CLANG_WARN_UNGUARDED_AVAILABILITY = YES_AGGRESSIVE;
				CLANG_WARN_UNREACHABLE_CODE = YES;
				CLANG_WARN__DUPLICATE_METHOD_MATCH = YES;
				COPY_PHASE_STRIP = NO;
				DEBUG_INFORMATION_FORMAT = dwarf;
				ENABLE_STRICT_OBJC_MSGSEND = YES;
				ENABLE_TESTABILITY = YES;
				ENABLE_USER_SCRIPT_SANDBOXING = YES;
				GCC_C_LANGUAGE_STANDARD = gnu17;
				GCC_DYNAMIC_NO_PIC = NO;
				GCC_NO_COMMON_BLOCKS = YES;
				GCC_OPTIMIZATION_LEVEL = 0;
				GCC_PREPROCESSOR_DEFINITIONS = (
					"DEBUG=1",
					"$(inherited)",
				);
				GCC_WARN_64_TO_32_BIT_CONVERSION = YES;
				GCC_WARN_ABOUT_RETURN_TYPE = YES_ERROR;
				GCC_WARN_UNDECLARED_SELECTOR = YES;
				GCC_WARN_UNINITIALIZED_AUTOS = YES_AGGRESSIVE;
				GCC_WARN_UNUSED_FUNCTION = YES;
				GCC_WARN_UNUSED_VARIABLE = YES;
				IPHONEOS_DEPLOYMENT_TARGET = 17.2;
				LOCALIZATION_PREFERS_STRING_CATALOGS = YES;
				MTL_ENABLE_DEBUG_INFO = INCLUDE_SOURCE;
				MTL_FAST_MATH = YES;
				ONLY_ACTIVE_ARCH = YES;
				SDKROOT = iphoneos;
				SWIFT_ACTIVE_COMPILATION_CONDITIONS = "DEBUG $(inherited)";
				SWIFT_OPTIMIZATION_LEVEL = "-Onone";
			};
			name = Debug;
		};
		E70FCEC12BC7DE610014950B /* Release */ = {
			isa = XCBuildConfiguration;
			buildSettings = {
				ALWAYS_SEARCH_USER_PATHS = NO;
				ASSETCATALOG_COMPILER_GENERATE_SWIFT_ASSET_SYMBOL_EXTENSIONS = YES;
				CLANG_ANALYZER_NONNULL = YES;
				CLANG_ANALYZER_NUMBER_OBJECT_CONVERSION = YES_AGGRESSIVE;
				CLANG_CXX_LANGUAGE_STANDARD = "gnu++20";
				CLANG_ENABLE_MODULES = YES;
				CLANG_ENABLE_OBJC_ARC = YES;
				CLANG_ENABLE_OBJC_WEAK = YES;
				CLANG_WARN_BLOCK_CAPTURE_AUTORELEASING = YES;
				CLANG_WARN_BOOL_CONVERSION = YES;
				CLANG_WARN_COMMA = YES;
				CLANG_WARN_CONSTANT_CONVERSION = YES;
				CLANG_WARN_DEPRECATED_OBJC_IMPLEMENTATIONS = YES;
				CLANG_WARN_DIRECT_OBJC_ISA_USAGE = YES_ERROR;
				CLANG_WARN_DOCUMENTATION_COMMENTS = YES;
				CLANG_WARN_EMPTY_BODY = YES;
				CLANG_WARN_ENUM_CONVERSION = YES;
				CLANG_WARN_INFINITE_RECURSION = YES;
				CLANG_WARN_INT_CONVERSION = YES;
				CLANG_WARN_NON_LITERAL_NULL_CONVERSION = YES;
				CLANG_WARN_OBJC_IMPLICIT_RETAIN_SELF = YES;
				CLANG_WARN_OBJC_LITERAL_CONVERSION = YES;
				CLANG_WARN_OBJC_ROOT_CLASS = YES_ERROR;
				CLANG_WARN_QUOTED_INCLUDE_IN_FRAMEWORK_HEADER = YES;
				CLANG_WARN_RANGE_LOOP_ANALYSIS = YES;
				CLANG_WARN_STRICT_PROTOTYPES = YES;
				CLANG_WARN_SUSPICIOUS_MOVE = YES;
				CLANG_WARN_UNGUARDED_AVAILABILITY = YES_AGGRESSIVE;
				CLANG_WARN_UNREACHABLE_CODE = YES;
				CLANG_WARN__DUPLICATE_METHOD_MATCH = YES;
				COPY_PHASE_STRIP = NO;
				DEBUG_INFORMATION_FORMAT = "dwarf-with-dsym";
				ENABLE_NS_ASSERTIONS = NO;
				ENABLE_STRICT_OBJC_MSGSEND = YES;
				ENABLE_USER_SCRIPT_SANDBOXING = YES;
				GCC_C_LANGUAGE_STANDARD = gnu17;
				GCC_NO_COMMON_BLOCKS = YES;
				GCC_WARN_64_TO_32_BIT_CONVERSION = YES;
				GCC_WARN_ABOUT_RETURN_TYPE = YES_ERROR;
				GCC_WARN_UNDECLARED_SELECTOR = YES;
				GCC_WARN_UNINITIALIZED_AUTOS = YES_AGGRESSIVE;
				GCC_WARN_UNUSED_FUNCTION = YES;
				GCC_WARN_UNUSED_VARIABLE = YES;
				IPHONEOS_DEPLOYMENT_TARGET = 17.2;
				LOCALIZATION_PREFERS_STRING_CATALOGS = YES;
				MTL_ENABLE_DEBUG_INFO = NO;
				MTL_FAST_MATH = YES;
				SDKROOT = iphoneos;
				SWIFT_COMPILATION_MODE = wholemodule;
				VALIDATE_PRODUCT = YES;
			};
			name = Release;
		};
		E70FCEC32BC7DE610014950B /* Debug */ = {
			isa = XCBuildConfiguration;
			buildSettings = {
				ASSETCATALOG_COMPILER_APPICON_NAME = AppIcon;
				ASSETCATALOG_COMPILER_GLOBAL_ACCENT_COLOR_NAME = AccentColor;
				CODE_SIGN_STYLE = Automatic;
				CURRENT_PROJECT_VERSION = 1;
				GENERATE_INFOPLIST_FILE = YES;
				INFOPLIST_FILE = FitnessAppMidtermProject/Info.plist;
				INFOPLIST_KEY_UIApplicationSupportsIndirectInputEvents = YES;
				INFOPLIST_KEY_UILaunchStoryboardName = LaunchScreen;
				INFOPLIST_KEY_UIMainStoryboardFile = Main;
				INFOPLIST_KEY_UISupportedInterfaceOrientations_iPad = "UIInterfaceOrientationPortrait UIInterfaceOrientationPortraitUpsideDown UIInterfaceOrientationLandscapeLeft UIInterfaceOrientationLandscapeRight";
				INFOPLIST_KEY_UISupportedInterfaceOrientations_iPhone = "UIInterfaceOrientationPortrait UIInterfaceOrientationLandscapeLeft UIInterfaceOrientationLandscapeRight";
				LD_RUNPATH_SEARCH_PATHS = (
					"$(inherited)",
					"@executable_path/Frameworks",
				);
				MARKETING_VERSION = 1.0;
				PRODUCT_BUNDLE_IDENTIFIER = com.example.FitnessAppMidtermProject;
				PRODUCT_NAME = "$(TARGET_NAME)";
				SWIFT_EMIT_LOC_STRINGS = YES;
				SWIFT_VERSION = 5.0;
				TARGETED_DEVICE_FAMILY = "1,2";
			};
			name = Debug;
		};
		E70FCEC42BC7DE610014950B /* Release */ = {
			isa = XCBuildConfiguration;
			buildSettings = {
				ASSETCATALOG_COMPILER_APPICON_NAME = AppIcon;
				ASSETCATALOG_COMPILER_GLOBAL_ACCENT_COLOR_NAME = AccentColor;
				CODE_SIGN_STYLE = Automatic;
				CURRENT_PROJECT_VERSION = 1;
				GENERATE_INFOPLIST_FILE = YES;
				INFOPLIST_FILE = FitnessAppMidtermProject/Info.plist;
				INFOPLIST_KEY_UIApplicationSupportsIndirectInputEvents = YES;
				INFOPLIST_KEY_UILaunchStoryboardName = LaunchScreen;
				INFOPLIST_KEY_UIMainStoryboardFile = Main;
				INFOPLIST_KEY_UISupportedInterfaceOrientations_iPad = "UIInterfaceOrientationPortrait UIInterfaceOrientationPortraitUpsideDown UIInterfaceOrientationLandscapeLeft UIInterfaceOrientationLandscapeRight";
				INFOPLIST_KEY_UISupportedInterfaceOrientations_iPhone = "UIInterfaceOrientationPortrait UIInterfaceOrientationLandscapeLeft UIInterfaceOrientationLandscapeRight";
				LD_RUNPATH_SEARCH_PATHS = (
					"$(inherited)",
					"@executable_path/Frameworks",
				);
				MARKETING_VERSION = 1.0;
				PRODUCT_BUNDLE_IDENTIFIER = com.example.FitnessAppMidtermProject;
				PRODUCT_NAME = "$(TARGET_NAME)";
				SWIFT_EMIT_LOC_STRINGS = YES;
				SWIFT_VERSION = 5.0;
				TARGETED_DEVICE_FAMILY = "1,2";
			};
			name = Release;
		};
/* End XCBuildConfiguration section */

/* Begin XCConfigurationList section */
		E70FCEA62BC7DE600014950B /* Build configuration list for PBXProject "FitnessAppMidtermProject" */ = {
			isa = XCConfigurationList;
			buildConfigurations = (
				E70FCEC02BC7DE610014950B /* Debug */,
				E70FCEC12BC7DE610014950B /* Release */,
			);
			defaultConfigurationIsVisible = 0;
			defaultConfigurationName = Release;
		};
		E70FCEC22BC7DE610014950B /* Build configuration list for PBXNativeTarget "FitnessAppMidtermProject" */ = {
			isa = XCConfigurationList;
			buildConfigurations = (
				E70FCEC32BC7DE610014950B /* Debug */,
				E70FCEC42BC7DE610014950B /* Release */,
			);
			defaultConfigurationIsVisible = 0;
			defaultConfigurationName = Release;
		};
/* End XCConfigurationList section */

/* Begin XCVersionGroup section */
		E70FCEB72BC7DE600014950B /* FitnessAppMidtermProject.xcdatamodeld */ = {
			isa = XCVersionGroup;
			children = (
				E70FCEB82BC7DE600014950B /* FitnessAppMidtermProject.xcdatamodel */,
			);
			currentVersion = E70FCEB82BC7DE600014950B /* FitnessAppMidtermProject.xcdatamodel */;
			path = FitnessAppMidtermProject.xcdatamodeld;
			sourceTree = "<group>";
			versionGroupType = wrapper.xcdatamodel;
		};
/* End XCVersionGroup section */
	};
	rootObject = E70FCEA32BC7DE600014950B /* Project object */;
}
